// !$*UTF8*$!
{
	archiveVersion = 1;
	classes = {
	};
	objectVersion = 77;
	objects = {

/* Begin PBXBuildFile section */
		AC36DB962D8F7E15002CF27C /* FirebaseAuth in Frameworks */ = {isa = PBXBuildFile; productRef = AC36DB952D8F7E15002CF27C /* FirebaseAuth */; };
		AC36DB982D8FB2F6002CF27C /* FirebaseFirestore in Frameworks */ = {isa = PBXBuildFile; productRef = AC36DB972D8FB2F6002CF27C /* FirebaseFirestore */; };
		AC36DB9A2D8FD510002CF27C /* FirebaseDatabase in Frameworks */ = {isa = PBXBuildFile; productRef = AC36DB992D8FD510002CF27C /* FirebaseDatabase */; };
/* End PBXBuildFile section */

/* Begin PBXContainerItemProxy section */
		AC1B43B52D6850B800463279 /* PBXContainerItemProxy */ = {
			isa = PBXContainerItemProxy;
			containerPortal = AC1B439B2D6850B600463279 /* Project object */;
			proxyType = 1;
			remoteGlobalIDString = AC1B43A22D6850B600463279;
			remoteInfo = FoodDetection;
		};
		AC1B43BF2D6850B800463279 /* PBXContainerItemProxy */ = {
			isa = PBXContainerItemProxy;
			containerPortal = AC1B439B2D6850B600463279 /* Project object */;
			proxyType = 1;
			remoteGlobalIDString = AC1B43A22D6850B600463279;
			remoteInfo = FoodDetection;
		};
/* End PBXContainerItemProxy section */

/* Begin PBXFileReference section */
		AC1B43A32D6850B600463279 /* FoodDetection.app */ = {isa = PBXFileReference; explicitFileType = wrapper.application; includeInIndex = 0; path = FoodDetection.app; sourceTree = BUILT_PRODUCTS_DIR; };
		AC1B43B42D6850B800463279 /* FoodDetectionTests.xctest */ = {isa = PBXFileReference; explicitFileType = wrapper.cfbundle; includeInIndex = 0; path = FoodDetectionTests.xctest; sourceTree = BUILT_PRODUCTS_DIR; };
		AC1B43BE2D6850B800463279 /* FoodDetectionUITests.xctest */ = {isa = PBXFileReference; explicitFileType = wrapper.cfbundle; includeInIndex = 0; path = FoodDetectionUITests.xctest; sourceTree = BUILT_PRODUCTS_DIR; };
/* End PBXFileReference section */

/* Begin PBXFileSystemSynchronizedBuildFileExceptionSet section */
		AC6042B92DAFE99E0008581D /* Exceptions for "FoodDetection" folder in "FoodDetection" target */ = {
			isa = PBXFileSystemSynchronizedBuildFileExceptionSet;
			membershipExceptions = (
				Info.plist,
			);
			target = AC1B43A22D6850B600463279 /* FoodDetection */;
		};
/* End PBXFileSystemSynchronizedBuildFileExceptionSet section */

/* Begin PBXFileSystemSynchronizedRootGroup section */
		AC1B43A52D6850B600463279 /* FoodDetection */ = {
			isa = PBXFileSystemSynchronizedRootGroup;
			exceptions = (
				AC6042B92DAFE99E0008581D /* Exceptions for "FoodDetection" folder in "FoodDetection" target */,
			);
			path = FoodDetection;
			sourceTree = "<group>";
		};
		AC1B43B72D6850B800463279 /* FoodDetectionTests */ = {
			isa = PBXFileSystemSynchronizedRootGroup;
			path = FoodDetectionTests;
			sourceTree = "<group>";
		};
		AC1B43C12D6850B800463279 /* FoodDetectionUITests */ = {
			isa = PBXFileSystemSynchronizedRootGroup;
			path = FoodDetectionUITests;
			sourceTree = "<group>";
		};
/* End PBXFileSystemSynchronizedRootGroup section */

/* Begin PBXFrameworksBuildPhase section */
		AC1B43A02D6850B600463279 /* Frameworks */ = {
			isa = PBXFrameworksBuildPhase;
			buildActionMask = 2147483647;
			files = (
				AC36DB9A2D8FD510002CF27C /* FirebaseDatabase in Frameworks */,
				AC36DB962D8F7E15002CF27C /* FirebaseAuth in Frameworks */,
				AC36DB982D8FB2F6002CF27C /* FirebaseFirestore in Frameworks */,
			);
			runOnlyForDeploymentPostprocessing = 0;
		};
		AC1B43B12D6850B800463279 /* Frameworks */ = {
			isa = PBXFrameworksBuildPhase;
			buildActionMask = 2147483647;
			files = (
			);
			runOnlyForDeploymentPostprocessing = 0;
		};
		AC1B43BB2D6850B800463279 /* Frameworks */ = {
			isa = PBXFrameworksBuildPhase;
			buildActionMask = 2147483647;
			files = (
			);
			runOnlyForDeploymentPostprocessing = 0;
		};
/* End PBXFrameworksBuildPhase section */

/* Begin PBXGroup section */
		AC1B439A2D6850B600463279 = {
			isa = PBXGroup;
			children = (
				AC1B43A52D6850B600463279 /* FoodDetection */,
				AC1B43B72D6850B800463279 /* FoodDetectionTests */,
				AC1B43C12D6850B800463279 /* FoodDetectionUITests */,
				AC1B43A42D6850B600463279 /* Products */,
			);
			sourceTree = "<group>";
		};
		AC1B43A42D6850B600463279 /* Products */ = {
			isa = PBXGroup;
			children = (
				AC1B43A32D6850B600463279 /* FoodDetection.app */,
				AC1B43B42D6850B800463279 /* FoodDetectionTests.xctest */,
				AC1B43BE2D6850B800463279 /* FoodDetectionUITests.xctest */,
			);
			name = Products;
			sourceTree = "<group>";
		};
/* End PBXGroup section */

/* Begin PBXNativeTarget section */
		AC1B43A22D6850B600463279 /* FoodDetection */ = {
			isa = PBXNativeTarget;
			buildConfigurationList = AC1B43C82D6850B800463279 /* Build configuration list for PBXNativeTarget "FoodDetection" */;
			buildPhases = (
				AC1B439F2D6850B600463279 /* Sources */,
				AC1B43A02D6850B600463279 /* Frameworks */,
				AC1B43A12D6850B600463279 /* Resources */,
			);
			buildRules = (
			);
			dependencies = (
			);
			fileSystemSynchronizedGroups = (
				AC1B43A52D6850B600463279 /* FoodDetection */,
			);
			name = FoodDetection;
			packageProductDependencies = (
				AC36DB952D8F7E15002CF27C /* FirebaseAuth */,
				AC36DB972D8FB2F6002CF27C /* FirebaseFirestore */,
				AC36DB992D8FD510002CF27C /* FirebaseDatabase */,
			);
			productName = FoodDetection;
			productReference = AC1B43A32D6850B600463279 /* FoodDetection.app */;
			productType = "com.apple.product-type.application";
		};
		AC1B43B32D6850B800463279 /* FoodDetectionTests */ = {
			isa = PBXNativeTarget;
			buildConfigurationList = AC1B43CB2D6850B800463279 /* Build configuration list for PBXNativeTarget "FoodDetectionTests" */;
			buildPhases = (
				AC1B43B02D6850B800463279 /* Sources */,
				AC1B43B12D6850B800463279 /* Frameworks */,
				AC1B43B22D6850B800463279 /* Resources */,
			);
			buildRules = (
			);
			dependencies = (
				AC1B43B62D6850B800463279 /* PBXTargetDependency */,
			);
			fileSystemSynchronizedGroups = (
				AC1B43B72D6850B800463279 /* FoodDetectionTests */,
			);
			name = FoodDetectionTests;
			packageProductDependencies = (
			);
			productName = FoodDetectionTests;
			productReference = AC1B43B42D6850B800463279 /* FoodDetectionTests.xctest */;
			productType = "com.apple.product-type.bundle.unit-test";
		};
		AC1B43BD2D6850B800463279 /* FoodDetectionUITests */ = {
			isa = PBXNativeTarget;
			buildConfigurationList = AC1B43CE2D6850B800463279 /* Build configuration list for PBXNativeTarget "FoodDetectionUITests" */;
			buildPhases = (
				AC1B43BA2D6850B800463279 /* Sources */,
				AC1B43BB2D6850B800463279 /* Frameworks */,
				AC1B43BC2D6850B800463279 /* Resources */,
			);
			buildRules = (
			);
			dependencies = (
				AC1B43C02D6850B800463279 /* PBXTargetDependency */,
			);
			fileSystemSynchronizedGroups = (
				AC1B43C12D6850B800463279 /* FoodDetectionUITests */,
			);
			name = FoodDetectionUITests;
			packageProductDependencies = (
			);
			productName = FoodDetectionUITests;
			productReference = AC1B43BE2D6850B800463279 /* FoodDetectionUITests.xctest */;
			productType = "com.apple.product-type.bundle.ui-testing";
		};
/* End PBXNativeTarget section */

/* Begin PBXProject section */
		AC1B439B2D6850B600463279 /* Project object */ = {
			isa = PBXProject;
			attributes = {
				BuildIndependentTargetsInParallel = 1;
				LastSwiftUpdateCheck = 1600;
				LastUpgradeCheck = 1600;
				TargetAttributes = {
					AC1B43A22D6850B600463279 = {
						CreatedOnToolsVersion = 16.0;
					};
					AC1B43B32D6850B800463279 = {
						CreatedOnToolsVersion = 16.0;
						TestTargetID = AC1B43A22D6850B600463279;
					};
					AC1B43BD2D6850B800463279 = {
						CreatedOnToolsVersion = 16.0;
						TestTargetID = AC1B43A22D6850B600463279;
					};
				};
			};
			buildConfigurationList = AC1B439E2D6850B600463279 /* Build configuration list for PBXProject "FoodDetection" */;
			developmentRegion = en;
			hasScannedForEncodings = 0;
			knownRegions = (
				en,
				Base,
			);
			mainGroup = AC1B439A2D6850B600463279;
			minimizedProjectReferenceProxies = 1;
			packageReferences = (
				AC36DB942D8F7B53002CF27C /* XCRemoteSwiftPackageReference "firebase-ios-sdk" */,
			);
			preferredProjectObjectVersion = 77;
			productRefGroup = AC1B43A42D6850B600463279 /* Products */;
			projectDirPath = "";
			projectRoot = "";
			targets = (
				AC1B43A22D6850B600463279 /* FoodDetection */,
				AC1B43B32D6850B800463279 /* FoodDetectionTests */,
				AC1B43BD2D6850B800463279 /* FoodDetectionUITests */,
			);
		};
/* End PBXProject section */

/* Begin PBXResourcesBuildPhase section */
		AC1B43A12D6850B600463279 /* Resources */ = {
			isa = PBXResourcesBuildPhase;
			buildActionMask = 2147483647;
			files = (
			);
			runOnlyForDeploymentPostprocessing = 0;
		};
		AC1B43B22D6850B800463279 /* Resources */ = {
			isa = PBXResourcesBuildPhase;
			buildActionMask = 2147483647;
			files = (
			);
			runOnlyForDeploymentPostprocessing = 0;
		};
		AC1B43BC2D6850B800463279 /* Resources */ = {
			isa = PBXResourcesBuildPhase;
			buildActionMask = 2147483647;
			files = (
			);
			runOnlyForDeploymentPostprocessing = 0;
		};
/* End PBXResourcesBuildPhase section */

/* Begin PBXSourcesBuildPhase section */
		AC1B439F2D6850B600463279 /* Sources */ = {
			isa = PBXSourcesBuildPhase;
			buildActionMask = 2147483647;
			files = (
			);
			runOnlyForDeploymentPostprocessing = 0;
		};
		AC1B43B02D6850B800463279 /* Sources */ = {
			isa = PBXSourcesBuildPhase;
			buildActionMask = 2147483647;
			files = (
			);
			runOnlyForDeploymentPostprocessing = 0;
		};
		AC1B43BA2D6850B800463279 /* Sources */ = {
			isa = PBXSourcesBuildPhase;
			buildActionMask = 2147483647;
			files = (
			);
			runOnlyForDeploymentPostprocessing = 0;
		};
/* End PBXSourcesBuildPhase section */

/* Begin PBXTargetDependency section */
		AC1B43B62D6850B800463279 /* PBXTargetDependency */ = {
			isa = PBXTargetDependency;
			target = AC1B43A22D6850B600463279 /* FoodDetection */;
			targetProxy = AC1B43B52D6850B800463279 /* PBXContainerItemProxy */;
		};
		AC1B43C02D6850B800463279 /* PBXTargetDependency */ = {
			isa = PBXTargetDependency;
			target = AC1B43A22D6850B600463279 /* FoodDetection */;
			targetProxy = AC1B43BF2D6850B800463279 /* PBXContainerItemProxy */;
		};
/* End PBXTargetDependency section */

/* Begin XCBuildConfiguration section */
		AC1B43C62D6850B800463279 /* Debug */ = {
			isa = XCBuildConfiguration;
			buildSettings = {
				ALWAYS_SEARCH_USER_PATHS = NO;
				ASSETCATALOG_COMPILER_GENERATE_SWIFT_ASSET_SYMBOL_EXTENSIONS = YES;
				CLANG_ANALYZER_NONNULL = YES;
				CLANG_ANALYZER_NUMBER_OBJECT_CONVERSION = YES_AGGRESSIVE;
				CLANG_CXX_LANGUAGE_STANDARD = "gnu++20";
				CLANG_ENABLE_MODULES = YES;
				CLANG_ENABLE_OBJC_ARC = YES;
				CLANG_ENABLE_OBJC_WEAK = YES;
				CLANG_WARN_BLOCK_CAPTURE_AUTORELEASING = YES;
				CLANG_WARN_BOOL_CONVERSION = YES;
				CLANG_WARN_COMMA = YES;
				CLANG_WARN_CONSTANT_CONVERSION = YES;
				CLANG_WARN_DEPRECATED_OBJC_IMPLEMENTATIONS = YES;
				CLANG_WARN_DIRECT_OBJC_ISA_USAGE = YES_ERROR;
				CLANG_WARN_DOCUMENTATION_COMMENTS = YES;
				CLANG_WARN_EMPTY_BODY = YES;
				CLANG_WARN_ENUM_CONVERSION = YES;
				CLANG_WARN_INFINITE_RECURSION = YES;
				CLANG_WARN_INT_CONVERSION = YES;
				CLANG_WARN_NON_LITERAL_NULL_CONVERSION = YES;
				CLANG_WARN_OBJC_IMPLICIT_RETAIN_SELF = YES;
				CLANG_WARN_OBJC_LITERAL_CONVERSION = YES;
				CLANG_WARN_OBJC_ROOT_CLASS = YES_ERROR;
				CLANG_WARN_QUOTED_INCLUDE_IN_FRAMEWORK_HEADER = YES;
				CLANG_WARN_RANGE_LOOP_ANALYSIS = YES;
				CLANG_WARN_STRICT_PROTOTYPES = YES;
				CLANG_WARN_SUSPICIOUS_MOVE = YES;
				CLANG_WARN_UNGUARDED_AVAILABILITY = YES_AGGRESSIVE;
				CLANG_WARN_UNREACHABLE_CODE = YES;
				CLANG_WARN__DUPLICATE_METHOD_MATCH = YES;
				COPY_PHASE_STRIP = NO;
				DEBUG_INFORMATION_FORMAT = dwarf;
				ENABLE_STRICT_OBJC_MSGSEND = YES;
				ENABLE_TESTABILITY = YES;
				ENABLE_USER_SCRIPT_SANDBOXING = YES;
				GCC_C_LANGUAGE_STANDARD = gnu17;
				GCC_DYNAMIC_NO_PIC = NO;
				GCC_NO_COMMON_BLOCKS = YES;
				GCC_OPTIMIZATION_LEVEL = 0;
				GCC_PREPROCESSOR_DEFINITIONS = (
					"DEBUG=1",
					"$(inherited)",
				);
				GCC_WARN_64_TO_32_BIT_CONVERSION = YES;
				GCC_WARN_ABOUT_RETURN_TYPE = YES_ERROR;
				GCC_WARN_UNDECLARED_SELECTOR = YES;
				GCC_WARN_UNINITIALIZED_AUTOS = YES_AGGRESSIVE;
				GCC_WARN_UNUSED_FUNCTION = YES;
				GCC_WARN_UNUSED_VARIABLE = YES;
				LOCALIZATION_PREFERS_STRING_CATALOGS = YES;
				MTL_ENABLE_DEBUG_INFO = INCLUDE_SOURCE;
				MTL_FAST_MATH = YES;
				ONLY_ACTIVE_ARCH = YES;
				SWIFT_ACTIVE_COMPILATION_CONDITIONS = "DEBUG $(inherited)";
				SWIFT_OPTIMIZATION_LEVEL = "-Onone";
			};
			name = Debug;
		};
		AC1B43C72D6850B800463279 /* Release */ = {
			isa = XCBuildConfiguration;
			buildSettings = {
				ALWAYS_SEARCH_USER_PATHS = NO;
				ASSETCATALOG_COMPILER_GENERATE_SWIFT_ASSET_SYMBOL_EXTENSIONS = YES;
				CLANG_ANALYZER_NONNULL = YES;
				CLANG_ANALYZER_NUMBER_OBJECT_CONVERSION = YES_AGGRESSIVE;
				CLANG_CXX_LANGUAGE_STANDARD = "gnu++20";
				CLANG_ENABLE_MODULES = YES;
				CLANG_ENABLE_OBJC_ARC = YES;
				CLANG_ENABLE_OBJC_WEAK = YES;
				CLANG_WARN_BLOCK_CAPTURE_AUTORELEASING = YES;
				CLANG_WARN_BOOL_CONVERSION = YES;
				CLANG_WARN_COMMA = YES;
				CLANG_WARN_CONSTANT_CONVERSION = YES;
				CLANG_WARN_DEPRECATED_OBJC_IMPLEMENTATIONS = YES;
				CLANG_WARN_DIRECT_OBJC_ISA_USAGE = YES_ERROR;
				CLANG_WARN_DOCUMENTATION_COMMENTS = YES;
				CLANG_WARN_EMPTY_BODY = YES;
				CLANG_WARN_ENUM_CONVERSION = YES;
				CLANG_WARN_INFINITE_RECURSION = YES;
				CLANG_WARN_INT_CONVERSION = YES;
				CLANG_WARN_NON_LITERAL_NULL_CONVERSION = YES;
				CLANG_WARN_OBJC_IMPLICIT_RETAIN_SELF = YES;
				CLANG_WARN_OBJC_LITERAL_CONVERSION = YES;
				CLANG_WARN_OBJC_ROOT_CLASS = YES_ERROR;
				CLANG_WARN_QUOTED_INCLUDE_IN_FRAMEWORK_HEADER = YES;
				CLANG_WARN_RANGE_LOOP_ANALYSIS = YES;
				CLANG_WARN_STRICT_PROTOTYPES = YES;
				CLANG_WARN_SUSPICIOUS_MOVE = YES;
				CLANG_WARN_UNGUARDED_AVAILABILITY = YES_AGGRESSIVE;
				CLANG_WARN_UNREACHABLE_CODE = YES;
				CLANG_WARN__DUPLICATE_METHOD_MATCH = YES;
				COPY_PHASE_STRIP = NO;
				DEBUG_INFORMATION_FORMAT = "dwarf-with-dsym";
				ENABLE_NS_ASSERTIONS = NO;
				ENABLE_STRICT_OBJC_MSGSEND = YES;
				ENABLE_USER_SCRIPT_SANDBOXING = YES;
				GCC_C_LANGUAGE_STANDARD = gnu17;
				GCC_NO_COMMON_BLOCKS = YES;
				GCC_WARN_64_TO_32_BIT_CONVERSION = YES;
				GCC_WARN_ABOUT_RETURN_TYPE = YES_ERROR;
				GCC_WARN_UNDECLARED_SELECTOR = YES;
				GCC_WARN_UNINITIALIZED_AUTOS = YES_AGGRESSIVE;
				GCC_WARN_UNUSED_FUNCTION = YES;
				GCC_WARN_UNUSED_VARIABLE = YES;
				LOCALIZATION_PREFERS_STRING_CATALOGS = YES;
				MTL_ENABLE_DEBUG_INFO = NO;
				MTL_FAST_MATH = YES;
				SWIFT_COMPILATION_MODE = wholemodule;
			};
			name = Release;
		};
		AC1B43C92D6850B800463279 /* Debug */ = {
			isa = XCBuildConfiguration;
			buildSettings = {
				ASSETCATALOG_COMPILER_APPICON_NAME = AppIcon;
				ASSETCATALOG_COMPILER_GLOBAL_ACCENT_COLOR_NAME = AccentColor;
				CODE_SIGN_ENTITLEMENTS = FoodDetection/FoodDetection.entitlements;
				CODE_SIGN_STYLE = Automatic;
				CURRENT_PROJECT_VERSION = 1;
				DEVELOPMENT_ASSET_PATHS = "\"FoodDetection/Preview Content\"";
				DEVELOPMENT_TEAM = Y5GF6MKQ37;
				ENABLE_PREVIEWS = YES;
				GENERATE_INFOPLIST_FILE = YES;
				INFOPLIST_FILE = FoodDetection/Info.plist;
				"INFOPLIST_KEY_UIApplicationSceneManifest_Generation[sdk=iphoneos*]" = YES;
				"INFOPLIST_KEY_UIApplicationSceneManifest_Generation[sdk=iphonesimulator*]" = YES;
				"INFOPLIST_KEY_UIApplicationSupportsIndirectInputEvents[sdk=iphoneos*]" = YES;
				"INFOPLIST_KEY_UIApplicationSupportsIndirectInputEvents[sdk=iphonesimulator*]" = YES;
				"INFOPLIST_KEY_UILaunchScreen_Generation[sdk=iphoneos*]" = YES;
				"INFOPLIST_KEY_UILaunchScreen_Generation[sdk=iphonesimulator*]" = YES;
				"INFOPLIST_KEY_UIStatusBarStyle[sdk=iphoneos*]" = UIStatusBarStyleDefault;
				"INFOPLIST_KEY_UIStatusBarStyle[sdk=iphonesimulator*]" = UIStatusBarStyleDefault;
				INFOPLIST_KEY_UISupportedInterfaceOrientations_iPad = "UIInterfaceOrientationPortrait UIInterfaceOrientationPortraitUpsideDown UIInterfaceOrientationLandscapeLeft UIInterfaceOrientationLandscapeRight";
				INFOPLIST_KEY_UISupportedInterfaceOrientations_iPhone = "UIInterfaceOrientationPortrait UIInterfaceOrientationLandscapeLeft UIInterfaceOrientationLandscapeRight";
				IPHONEOS_DEPLOYMENT_TARGET = 18.0;
				LD_RUNPATH_SEARCH_PATHS = "@executable_path/Frameworks";
				"LD_RUNPATH_SEARCH_PATHS[sdk=macosx*]" = "@executable_path/../Frameworks";
				MACOSX_DEPLOYMENT_TARGET = 14.5;
				MARKETING_VERSION = 1.0;
				PRODUCT_BUNDLE_IDENTIFIER = me.FoodDetection;
				PRODUCT_NAME = "$(TARGET_NAME)";
				SDKROOT = auto;
				SUPPORTED_PLATFORMS = "iphoneos iphonesimulator macosx xros xrsimulator";
				SWIFT_EMIT_LOC_STRINGS = YES;
				SWIFT_VERSION = 5.0;
				TARGETED_DEVICE_FAMILY = "1,2,7";
				XROS_DEPLOYMENT_TARGET = 2.0;
			};
			name = Debug;
		};
		AC1B43CA2D6850B800463279 /* Release */ = {
			isa = XCBuildConfiguration;
			buildSettings = {
				ASSETCATALOG_COMPILER_APPICON_NAME = AppIcon;
				ASSETCATALOG_COMPILER_GLOBAL_ACCENT_COLOR_NAME = AccentColor;
				CODE_SIGN_ENTITLEMENTS = FoodDetection/FoodDetection.entitlements;
				CODE_SIGN_STYLE = Automatic;
				CURRENT_PROJECT_VERSION = 1;
				DEVELOPMENT_ASSET_PATHS = "\"FoodDetection/Preview Content\"";
				DEVELOPMENT_TEAM = Y5GF6MKQ37;
				ENABLE_PREVIEWS = YES;
				GENERATE_INFOPLIST_FILE = YES;
				INFOPLIST_FILE = FoodDetection/Info.plist;
				"INFOPLIST_KEY_UIApplicationSceneManifest_Generation[sdk=iphoneos*]" = YES;
				"INFOPLIST_KEY_UIApplicationSceneManifest_Generation[sdk=iphonesimulator*]" = YES;
				"INFOPLIST_KEY_UIApplicationSupportsIndirectInputEvents[sdk=iphoneos*]" = YES;
				"INFOPLIST_KEY_UIApplicationSupportsIndirectInputEvents[sdk=iphonesimulator*]" = YES;
				"INFOPLIST_KEY_UILaunchScreen_Generation[sdk=iphoneos*]" = YES;
				"INFOPLIST_KEY_UILaunchScreen_Generation[sdk=iphonesimulator*]" = YES;
				"INFOPLIST_KEY_UIStatusBarStyle[sdk=iphoneos*]" = UIStatusBarStyleDefault;
				"INFOPLIST_KEY_UIStatusBarStyle[sdk=iphonesimulator*]" = UIStatusBarStyleDefault;
				INFOPLIST_KEY_UISupportedInterfaceOrientations_iPad = "UIInterfaceOrientationPortrait UIInterfaceOrientationPortraitUpsideDown UIInterfaceOrientationLandscapeLeft UIInterfaceOrientationLandscapeRight";
				INFOPLIST_KEY_UISupportedInterfaceOrientations_iPhone = "UIInterfaceOrientationPortrait UIInterfaceOrientationLandscapeLeft UIInterfaceOrientationLandscapeRight";
				IPHONEOS_DEPLOYMENT_TARGET = 18.0;
				LD_RUNPATH_SEARCH_PATHS = "@executable_path/Frameworks";
				"LD_RUNPATH_SEARCH_PATHS[sdk=macosx*]" = "@executable_path/../Frameworks";
				MACOSX_DEPLOYMENT_TARGET = 14.5;
				MARKETING_VERSION = 1.0;
				PRODUCT_BUNDLE_IDENTIFIER = me.FoodDetection;
				PRODUCT_NAME = "$(TARGET_NAME)";
				SDKROOT = auto;
				SUPPORTED_PLATFORMS = "iphoneos iphonesimulator macosx xros xrsimulator";
				SWIFT_EMIT_LOC_STRINGS = YES;
				SWIFT_VERSION = 5.0;
				TARGETED_DEVICE_FAMILY = "1,2,7";
				XROS_DEPLOYMENT_TARGET = 2.0;
			};
			name = Release;
		};
		AC1B43CC2D6850B800463279 /* Debug */ = {
			isa = XCBuildConfiguration;
			buildSettings = {
				BUNDLE_LOADER = "$(TEST_HOST)";
				CODE_SIGN_STYLE = Automatic;
				CURRENT_PROJECT_VERSION = 1;
				GENERATE_INFOPLIST_FILE = YES;
				IPHONEOS_DEPLOYMENT_TARGET = 18.0;
				MACOSX_DEPLOYMENT_TARGET = 14.5;
				MARKETING_VERSION = 1.0;
				PRODUCT_BUNDLE_IDENTIFIER = me.FoodDetectionTests;
				PRODUCT_NAME = "$(TARGET_NAME)";
				SDKROOT = auto;
				SUPPORTED_PLATFORMS = "iphoneos iphonesimulator macosx xros xrsimulator";
				SWIFT_EMIT_LOC_STRINGS = NO;
				SWIFT_VERSION = 5.0;
				TARGETED_DEVICE_FAMILY = "1,2,7";
				TEST_HOST = "$(BUILT_PRODUCTS_DIR)/FoodDetection.app/$(BUNDLE_EXECUTABLE_FOLDER_PATH)/FoodDetection";
				XROS_DEPLOYMENT_TARGET = 2.0;
			};
			name = Debug;
		};
		AC1B43CD2D6850B800463279 /* Release */ = {
			isa = XCBuildConfiguration;
			buildSettings = {
				BUNDLE_LOADER = "$(TEST_HOST)";
				CODE_SIGN_STYLE = Automatic;
				CURRENT_PROJECT_VERSION = 1;
				GENERATE_INFOPLIST_FILE = YES;
				IPHONEOS_DEPLOYMENT_TARGET = 18.0;
				MACOSX_DEPLOYMENT_TARGET = 14.5;
				MARKETING_VERSION = 1.0;
				PRODUCT_BUNDLE_IDENTIFIER = me.FoodDetectionTests;
				PRODUCT_NAME = "$(TARGET_NAME)";
				SDKROOT = auto;
				SUPPORTED_PLATFORMS = "iphoneos iphonesimulator macosx xros xrsimulator";
				SWIFT_EMIT_LOC_STRINGS = NO;
				SWIFT_VERSION = 5.0;
				TARGETED_DEVICE_FAMILY = "1,2,7";
				TEST_HOST = "$(BUILT_PRODUCTS_DIR)/FoodDetection.app/$(BUNDLE_EXECUTABLE_FOLDER_PATH)/FoodDetection";
				XROS_DEPLOYMENT_TARGET = 2.0;
			};
			name = Release;
		};
		AC1B43CF2D6850B800463279 /* Debug */ = {
			isa = XCBuildConfiguration;
			buildSettings = {
				CODE_SIGN_STYLE = Automatic;
				CURRENT_PROJECT_VERSION = 1;
				GENERATE_INFOPLIST_FILE = YES;
				IPHONEOS_DEPLOYMENT_TARGET = 18.0;
				MACOSX_DEPLOYMENT_TARGET = 14.5;
				MARKETING_VERSION = 1.0;
				PRODUCT_BUNDLE_IDENTIFIER = me.FoodDetectionUITests;
				PRODUCT_NAME = "$(TARGET_NAME)";
				SDKROOT = auto;
				SUPPORTED_PLATFORMS = "iphoneos iphonesimulator macosx xros xrsimulator";
				SWIFT_EMIT_LOC_STRINGS = NO;
				SWIFT_VERSION = 5.0;
				TARGETED_DEVICE_FAMILY = "1,2,7";
				TEST_TARGET_NAME = FoodDetection;
				XROS_DEPLOYMENT_TARGET = 2.0;
			};
			name = Debug;
		};
		AC1B43D02D6850B800463279 /* Release */ = {
			isa = XCBuildConfiguration;
			buildSettings = {
				CODE_SIGN_STYLE = Automatic;
				CURRENT_PROJECT_VERSION = 1;
				GENERATE_INFOPLIST_FILE = YES;
				IPHONEOS_DEPLOYMENT_TARGET = 18.0;
				MACOSX_DEPLOYMENT_TARGET = 14.5;
				MARKETING_VERSION = 1.0;
				PRODUCT_BUNDLE_IDENTIFIER = me.FoodDetectionUITests;
				PRODUCT_NAME = "$(TARGET_NAME)";
				SDKROOT = auto;
				SUPPORTED_PLATFORMS = "iphoneos iphonesimulator macosx xros xrsimulator";
				SWIFT_EMIT_LOC_STRINGS = NO;
				SWIFT_VERSION = 5.0;
				TARGETED_DEVICE_FAMILY = "1,2,7";
				TEST_TARGET_NAME = FoodDetection;
				XROS_DEPLOYMENT_TARGET = 2.0;
			};
			name = Release;
		};
/* End XCBuildConfiguration section */

/* Begin XCConfigurationList section */
		AC1B439E2D6850B600463279 /* Build configuration list for PBXProject "FoodDetection" */ = {
			isa = XCConfigurationList;
			buildConfigurations = (
				AC1B43C62D6850B800463279 /* Debug */,
				AC1B43C72D6850B800463279 /* Release */,
			);
			defaultConfigurationIsVisible = 0;
			defaultConfigurationName = Release;
		};
		AC1B43C82D6850B800463279 /* Build configuration list for PBXNativeTarget "FoodDetection" */ = {
			isa = XCConfigurationList;
			buildConfigurations = (
				AC1B43C92D6850B800463279 /* Debug */,
				AC1B43CA2D6850B800463279 /* Release */,
			);
			defaultConfigurationIsVisible = 0;
			defaultConfigurationName = Release;
		};
		AC1B43CB2D6850B800463279 /* Build configuration list for PBXNativeTarget "FoodDetectionTests" */ = {
			isa = XCConfigurationList;
			buildConfigurations = (
				AC1B43CC2D6850B800463279 /* Debug */,
				AC1B43CD2D6850B800463279 /* Release */,
			);
			defaultConfigurationIsVisible = 0;
			defaultConfigurationName = Release;
		};
		AC1B43CE2D6850B800463279 /* Build configuration list for PBXNativeTarget "FoodDetectionUITests" */ = {
			isa = XCConfigurationList;
			buildConfigurations = (
				AC1B43CF2D6850B800463279 /* Debug */,
				AC1B43D02D6850B800463279 /* Release */,
			);
			defaultConfigurationIsVisible = 0;
			defaultConfigurationName = Release;
		};
/* End XCConfigurationList section */

/* Begin XCRemoteSwiftPackageReference section */
		AC36DB942D8F7B53002CF27C /* XCRemoteSwiftPackageReference "firebase-ios-sdk" */ = {
			isa = XCRemoteSwiftPackageReference;
			repositoryURL = "https://github.com/firebase/firebase-ios-sdk";
			requirement = {
				kind = upToNextMajorVersion;
				minimumVersion = 11.10.0;
			};
		};
/* End XCRemoteSwiftPackageReference section */

/* Begin XCSwiftPackageProductDependency section */
		AC36DB952D8F7E15002CF27C /* FirebaseAuth */ = {
			isa = XCSwiftPackageProductDependency;
			package = AC36DB942D8F7B53002CF27C /* XCRemoteSwiftPackageReference "firebase-ios-sdk" */;
			productName = FirebaseAuth;
		};
		AC36DB972D8FB2F6002CF27C /* FirebaseFirestore */ = {
			isa = XCSwiftPackageProductDependency;
			package = AC36DB942D8F7B53002CF27C /* XCRemoteSwiftPackageReference "firebase-ios-sdk" */;
			productName = FirebaseFirestore;
		};
		AC36DB992D8FD510002CF27C /* FirebaseDatabase */ = {
			isa = XCSwiftPackageProductDependency;
			package = AC36DB942D8F7B53002CF27C /* XCRemoteSwiftPackageReference "firebase-ios-sdk" */;
			productName = FirebaseDatabase;
		};
/* End XCSwiftPackageProductDependency section */
	};
	rootObject = AC1B439B2D6850B600463279 /* Project object */;
}
